
Microsoft Visual Studio Solution File, Format Version 12.00
# Visual Studio 15
VisualStudioVersion = 15.0.28307.136
MinimumVisualStudioVersion = 10.0.40219.1
Project("{8BC9CEB8-8B4A-11D0-8D11-00A0C91BC942}") = "usbip.W7", "usbip\usbip.W7.vcxproj", "{4AE48593-C4E7-46DA-A01C-6F17E765BB2E}"
EndProject
Global
	GlobalSection(SolutionConfigurationPlatforms) = preSolution
		W7 checked|Win32 = W7 checked|Win32
		W7 checked|x64 = W7 checked|x64
		W7 free|Win32 = W7 free|Win32
		W7 free|x64 = W7 free|x64
		W7I64 checked|Win32 = W7I64 checked|Win32
		W7I64 checked|x64 = W7I64 checked|x64
		W7I64 free|Win32 = W7I64 free|Win32
		W7I64 free|x64 = W7I64 free|x64
		W7LH checked|Win32 = W7LH checked|Win32
		W7LH checked|x64 = W7LH checked|x64
		W7LH free|Win32 = W7LH free|Win32
		W7LH free|x64 = W7LH free|x64
		W7LHI64 checked|Win32 = W7LHI64 checked|Win32
		W7LHI64 checked|x64 = W7LHI64 checked|x64
		W7LHI64 free|Win32 = W7LHI64 free|Win32
		W7LHI64 free|x64 = W7LHI64 free|x64
		W7LHX64 checked|Win32 = W7LHX64 checked|Win32
		W7LHX64 checked|x64 = W7LHX64 checked|x64
		W7LHX64 free|Win32 = W7LHX64 free|Win32
		W7LHX64 free|x64 = W7LHX64 free|x64
		W7NET checked|Win32 = W7NET checked|Win32
		W7NET checked|x64 = W7NET checked|x64
		W7NET free|Win32 = W7NET free|Win32
		W7NET free|x64 = W7NET free|x64
		W7NETI64 checked|Win32 = W7NETI64 checked|Win32
		W7NETI64 checked|x64 = W7NETI64 checked|x64
		W7NETI64 free|Win32 = W7NETI64 free|Win32
		W7NETI64 free|x64 = W7NETI64 free|x64
		W7NETX64 checked|Win32 = W7NETX64 checked|Win32
		W7NETX64 checked|x64 = W7NETX64 checked|x64
		W7NETX64 free|Win32 = W7NETX64 free|Win32
		W7NETX64 free|x64 = W7NETX64 free|x64
		W7X64 checked|Win32 = W7X64 checked|Win32
		W7X64 checked|x64 = W7X64 checked|x64
		W7X64 free|Win32 = W7X64 free|Win32
		W7X64 free|x64 = W7X64 free|x64
		W7XP checked|Win32 = W7XP checked|Win32
		W7XP checked|x64 = W7XP checked|x64
		W7XP free|Win32 = W7XP free|Win32
		W7XP free|x64 = W7XP free|x64
	EndGlobalSection
	GlobalSection(ProjectConfigurationPlatforms) = postSolution
		{4AE48593-C4E7-46DA-A01C-6F17E765BB2E}.W7 checked|Win32.ActiveCfg = W7 checked|Win32
		{4AE48593-C4E7-46DA-A01C-6F17E765BB2E}.W7 checked|Win32.Build.0 = W7 checked|Win32
		{4AE48593-C4E7-46DA-A01C-6F17E765BB2E}.W7 checked|Win32.Deploy.0 = W7 checked|Win32
		{4AE48593-C4E7-46DA-A01C-6F17E765BB2E}.W7 checked|x64.ActiveCfg = W7 checked|x64
		{4AE48593-C4E7-46DA-A01C-6F17E765BB2E}.W7 checked|x64.Build.0 = W7 checked|x64
		{4AE48593-C4E7-46DA-A01C-6F17E765BB2E}.W7 free|Win32.ActiveCfg = W7 free|Win32
		{4AE48593-C4E7-46DA-A01C-6F17E765BB2E}.W7 free|Win32.Build.0 = W7 free|Win32
		{4AE48593-C4E7-46DA-A01C-6F17E765BB2E}.W7 free|Win32.Deploy.0 = W7 free|Win32
		{4AE48593-C4E7-46DA-A01C-6F17E765BB2E}.W7 free|x64.ActiveCfg = W7 free|x64
		{4AE48593-C4E7-46DA-A01C-6F17E765BB2E}.W7 free|x64.Build.0 = W7 free|x64
		{4AE48593-C4E7-46DA-A01C-6F17E765BB2E}.W7I64 checked|Win32.ActiveCfg = W7I64 checked|Win32
		{4AE48593-C4E7-46DA-A01C-6F17E765BB2E}.W7I64 checked|Win32.Build.0 = W7I64 checked|Win32
		{4AE48593-C4E7-46DA-A01C-6F17E765BB2E}.W7I64 checked|Win32.Deploy.0 = W7I64 checked|Win32
		{4AE48593-C4E7-46DA-A01C-6F17E765BB2E}.W7I64 checked|x64.ActiveCfg = W7I64 checked|x64
		{4AE48593-C4E7-46DA-A01C-6F17E765BB2E}.W7I64 checked|x64.Build.0 = W7I64 checked|x64
		{4AE48593-C4E7-46DA-A01C-6F17E765BB2E}.W7I64 free|Win32.ActiveCfg = W7I64 free|Win32
		{4AE48593-C4E7-46DA-A01C-6F17E765BB2E}.W7I64 free|Win32.Build.0 = W7I64 free|Win32
		{4AE48593-C4E7-46DA-A01C-6F17E765BB2E}.W7I64 free|Win32.Deploy.0 = W7I64 free|Win32
		{4AE48593-C4E7-46DA-A01C-6F17E765BB2E}.W7I64 free|x64.ActiveCfg = W7I64 free|x64
		{4AE48593-C4E7-46DA-A01C-6F17E765BB2E}.W7I64 free|x64.Build.0 = W7I64 free|x64
		{4AE48593-C4E7-46DA-A01C-6F17E765BB2E}.W7LH checked|Win32.ActiveCfg = W7LH checked|Win32
		{4AE48593-C4E7-46DA-A01C-6F17E765BB2E}.W7LH checked|Win32.Build.0 = W7LH checked|Win32
		{4AE48593-C4E7-46DA-A01C-6F17E765BB2E}.W7LH checked|Win32.Deploy.0 = W7LH checked|Win32
		{4AE48593-C4E7-46DA-A01C-6F17E765BB2E}.W7LH checked|x64.ActiveCfg = W7LH checked|x64
		{4AE48593-C4E7-46DA-A01C-6F17E765BB2E}.W7LH checked|x64.Build.0 = W7LH checked|x64
		{4AE48593-C4E7-46DA-A01C-6F17E765BB2E}.W7LH free|Win32.ActiveCfg = W7LH free|Win32
		{4AE48593-C4E7-46DA-A01C-6F17E765BB2E}.W7LH free|Win32.Build.0 = W7LH free|Win32
		{4AE48593-C4E7-46DA-A01C-6F17E765BB2E}.W7LH free|Win32.Deploy.0 = W7LH free|Win32
		{4AE48593-C4E7-46DA-A01C-6F17E765BB2E}.W7LH free|x64.ActiveCfg = W7LH free|x64
		{4AE48593-C4E7-46DA-A01C-6F17E765BB2E}.W7LH free|x64.Build.0 = W7LH free|x64
		{4AE48593-C4E7-46DA-A01C-6F17E765BB2E}.W7LHI64 checked|Win32.ActiveCfg = W7LHI64 checked|Win32
		{4AE48593-C4E7-46DA-A01C-6F17E765BB2E}.W7LHI64 checked|Win32.Build.0 = W7LHI64 checked|Win32
		{4AE48593-C4E7-46DA-A01C-6F17E765BB2E}.W7LHI64 checked|Win32.Deploy.0 = W7LHI64 checked|Win32
		{4AE48593-C4E7-46DA-A01C-6F17E765BB2E}.W7LHI64 checked|x64.ActiveCfg = W7LHI64 checked|x64
		{4AE48593-C4E7-46DA-A01C-6F17E765BB2E}.W7LHI64 checked|x64.Build.0 = W7LHI64 checked|x64
		{4AE48593-C4E7-46DA-A01C-6F17E765BB2E}.W7LHI64 free|Win32.ActiveCfg = W7LHI64 free|Win32
		{4AE48593-C4E7-46DA-A01C-6F17E765BB2E}.W7LHI64 free|Win32.Build.0 = W7LHI64 free|Win32
		{4AE48593-C4E7-46DA-A01C-6F17E765BB2E}.W7LHI64 free|Win32.Deploy.0 = W7LHI64 free|Win32
		{4AE48593-C4E7-46DA-A01C-6F17E765BB2E}.W7LHI64 free|x64.ActiveCfg = W7LHI64 free|x64
		{4AE48593-C4E7-46DA-A01C-6F17E765BB2E}.W7LHI64 free|x64.Build.0 = W7LHI64 free|x64
		{4AE48593-C4E7-46DA-A01C-6F17E765BB2E}.W7LHX64 checked|Win32.ActiveCfg = W7LHX64 checked|Win32
		{4AE48593-C4E7-46DA-A01C-6F17E765BB2E}.W7LHX64 checked|Win32.Build.0 = W7LHX64 checked|Win32
		{4AE48593-C4E7-46DA-A01C-6F17E765BB2E}.W7LHX64 checked|Win32.Deploy.0 = W7LHX64 checked|Win32
		{4AE48593-C4E7-46DA-A01C-6F17E765BB2E}.W7LHX64 checked|x64.ActiveCfg = W7LHX64 checked|x64
		{4AE48593-C4E7-46DA-A01C-6F17E765BB2E}.W7LHX64 checked|x64.Build.0 = W7LHX64 checked|x64
		{4AE48593-C4E7-46DA-A01C-6F17E765BB2E}.W7LHX64 free|Win32.ActiveCfg = W7LHX64 free|Win32
		{4AE48593-C4E7-46DA-A01C-6F17E765BB2E}.W7LHX64 free|Win32.Build.0 = W7LHX64 free|Win32
		{4AE48593-C4E7-46DA-A01C-6F17E765BB2E}.W7LHX64 free|Win32.Deploy.0 = W7LHX64 free|Win32
		{4AE48593-C4E7-46DA-A01C-6F17E765BB2E}.W7LHX64 free|x64.ActiveCfg = W7LHX64 free|x64
		{4AE48593-C4E7-46DA-A01C-6F17E765BB2E}.W7LHX64 free|x64.Build.0 = W7LHX64 free|x64
		{4AE48593-C4E7-46DA-A01C-6F17E765BB2E}.W7NET checked|Win32.ActiveCfg = W7NET checked|Win32
		{4AE48593-C4E7-46DA-A01C-6F17E765BB2E}.W7NET checked|Win32.Build.0 = W7NET checked|Win32
		{4AE48593-C4E7-46DA-A01C-6F17E765BB2E}.W7NET checked|Win32.Deploy.0 = W7NET checked|Win32
		{4AE48593-C4E7-46DA-A01C-6F17E765BB2E}.W7NET checked|x64.ActiveCfg = W7NET checked|x64
		{4AE48593-C4E7-46DA-A01C-6F17E765BB2E}.W7NET checked|x64.Build.0 = W7NET checked|x64
		{4AE48593-C4E7-46DA-A01C-6F17E765BB2E}.W7NET free|Win32.ActiveCfg = W7NET free|Win32
		{4AE48593-C4E7-46DA-A01C-6F17E765BB2E}.W7NET free|Win32.Build.0 = W7NET free|Win32
		{4AE48593-C4E7-46DA-A01C-6F17E765BB2E}.W7NET free|Win32.Deploy.0 = W7NET free|Win32
		{4AE48593-C4E7-46DA-A01C-6F17E765BB2E}.W7NET free|x64.ActiveCfg = W7NET free|x64
		{4AE48593-C4E7-46DA-A01C-6F17E765BB2E}.W7NET free|x64.Build.0 = W7NET free|x64
		{4AE48593-C4E7-46DA-A01C-6F17E765BB2E}.W7NETI64 checked|Win32.ActiveCfg = W7NETI64 checked|Win32
		{4AE48593-C4E7-46DA-A01C-6F17E765BB2E}.W7NETI64 checked|Win32.Build.0 = W7NETI64 checked|Win32
		{4AE48593-C4E7-46DA-A01C-6F17E765BB2E}.W7NETI64 checked|Win32.Deploy.0 = W7NETI64 checked|Win32
		{4AE48593-C4E7-46DA-A01C-6F17E765BB2E}.W7NETI64 checked|x64.ActiveCfg = W7NETI64 checked|x64
		{4AE48593-C4E7-46DA-A01C-6F17E765BB2E}.W7NETI64 checked|x64.Build.0 = W7NETI64 checked|x64
		{4AE48593-C4E7-46DA-A01C-6F17E765BB2E}.W7NETI64 free|Win32.ActiveCfg = W7NETI64 free|Win32
		{4AE48593-C4E7-46DA-A01C-6F17E765BB2E}.W7NETI64 free|Win32.Build.0 = W7NETI64 free|Win32
		{4AE48593-C4E7-46DA-A01C-6F17E765BB2E}.W7NETI64 free|Win32.Deploy.0 = W7NETI64 free|Win32
		{4AE48593-C4E7-46DA-A01C-6F17E765BB2E}.W7NETI64 free|x64.ActiveCfg = W7NETI64 free|x64
		{4AE48593-C4E7-46DA-A01C-6F17E765BB2E}.W7NETI64 free|x64.Build.0 = W7NETI64 free|x64
		{4AE48593-C4E7-46DA-A01C-6F17E765BB2E}.W7NETX64 checked|Win32.ActiveCfg = W7NETX64 checked|Win32
		{4AE48593-C4E7-46DA-A01C-6F17E765BB2E}.W7NETX64 checked|Win32.Build.0 = W7NETX64 checked|Win32
		{4AE48593-C4E7-46DA-A01C-6F17E765BB2E}.W7NETX64 checked|Win32.Deploy.0 = W7NETX64 checked|Win32
		{4AE48593-C4E7-46DA-A01C-6F17E765BB2E}.W7NETX64 checked|x64.ActiveCfg = W7NETX64 checked|x64
		{4AE48593-C4E7-46DA-A01C-6F17E765BB2E}.W7NETX64 checked|x64.Build.0 = W7NETX64 checked|x64
		{4AE48593-C4E7-46DA-A01C-6F17E765BB2E}.W7NETX64 free|Win32.ActiveCfg = W7NETX64 free|Win32
		{4AE48593-C4E7-46DA-A01C-6F17E765BB2E}.W7NETX64 free|Win32.Build.0 = W7NETX64 free|Win32
		{4AE48593-C4E7-46DA-A01C-6F17E765BB2E}.W7NETX64 free|Win32.Deploy.0 = W7NETX64 free|Win32
		{4AE48593-C4E7-46DA-A01C-6F17E765BB2E}.W7NETX64 free|x64.ActiveCfg = W7NETX64 free|x64
		{4AE48593-C4E7-46DA-A01C-6F17E765BB2E}.W7NETX64 free|x64.Build.0 = W7NETX64 free|x64
		{4AE48593-C4E7-46DA-A01C-6F17E765BB2E}.W7X64 checked|Win32.ActiveCfg = W7X64 checked|Win32
		{4AE48593-C4E7-46DA-A01C-6F17E765BB2E}.W7X64 checked|Win32.Build.0 = W7X64 checked|Win32
		{4AE48593-C4E7-46DA-A01C-6F17E765BB2E}.W7X64 checked|Win32.Deploy.0 = W7X64 checked|Win32
		{4AE48593-C4E7-46DA-A01C-6F17E765BB2E}.W7X64 checked|x64.ActiveCfg = W7X64 checked|x64
		{4AE48593-C4E7-46DA-A01C-6F17E765BB2E}.W7X64 checked|x64.Build.0 = W7X64 checked|x64
		{4AE48593-C4E7-46DA-A01C-6F17E765BB2E}.W7X64 free|Win32.ActiveCfg = W7X64 free|Win32
		{4AE48593-C4E7-46DA-A01C-6F17E765BB2E}.W7X64 free|Win32.Build.0 = W7X64 free|Win32
		{4AE48593-C4E7-46DA-A01C-6F17E765BB2E}.W7X64 free|Win32.Deploy.0 = W7X64 free|Win32
		{4AE48593-C4E7-46DA-A01C-6F17E765BB2E}.W7X64 free|x64.ActiveCfg = W7X64 free|x64
		{4AE48593-C4E7-46DA-A01C-6F17E765BB2E}.W7X64 free|x64.Build.0 = W7X64 free|x64
		{4AE48593-C4E7-46DA-A01C-6F17E765BB2E}.W7XP checked|Win32.ActiveCfg = W7XP checked|Win32
		{4AE48593-C4E7-46DA-A01C-6F17E765BB2E}.W7XP checked|Win32.Build.0 = W7XP checked|Win32
		{4AE48593-C4E7-46DA-A01C-6F17E765BB2E}.W7XP checked|Win32.Deploy.0 = W7XP checked|Win32
		{4AE48593-C4E7-46DA-A01C-6F17E765BB2E}.W7XP checked|x64.ActiveCfg = W7XP checked|x64
		{4AE48593-C4E7-46DA-A01C-6F17E765BB2E}.W7XP checked|x64.Build.0 = W7XP checked|x64
		{4AE48593-C4E7-46DA-A01C-6F17E765BB2E}.W7XP free|Win32.ActiveCfg = W7XP free|Win32
		{4AE48593-C4E7-46DA-A01C-6F17E765BB2E}.W7XP free|Win32.Build.0 = W7XP free|Win32
		{4AE48593-C4E7-46DA-A01C-6F17E765BB2E}.W7XP free|Win32.Deploy.0 = W7XP free|Win32
		{4AE48593-C4E7-46DA-A01C-6F17E765BB2E}.W7XP free|x64.ActiveCfg = W7XP free|x64
		{4AE48593-C4E7-46DA-A01C-6F17E765BB2E}.W7XP free|x64.Build.0 = W7XP free|x64
	EndGlobalSection
	GlobalSection(SolutionProperties) = preSolution
		HideSolutionNode = FALSE
	EndGlobalSection
	GlobalSection(ExtensibilityGlobals) = postSolution
		SolutionGuid = {ECCDF323-445D-4944-9C6E-5CC3DF83CF95}
	EndGlobalSection
EndGlobal
